
Microsoft Visual Studio Solution File, Format Version 12.00
Project("{FAE04EC0-301F-11D3-BF4B-00C04F79EFBC}") = "Part1_Shapes", "Part1_Shapes\Part1_Shapes.csproj", "{67F079D7-0550-44A5-A9DB-85F2435C4C33}"
EndProject
Global
	GlobalSection(SolutionConfigurationPlatforms) = preSolution
		Debug|Any CPU = Debug|Any CPU
		Release|Any CPU = Release|Any CPU
	EndGlobalSection
	GlobalSection(ProjectConfigurationPlatforms) = postSolution
		{67F079D7-0550-44A5-A9DB-85F2435C4C33}.Debug|Any CPU.ActiveCfg = Debug|Any CPU
		{67F079D7-0550-44A5-A9DB-85F2435C4C33}.Debug|Any CPU.Build.0 = Debug|Any CPU
		{67F079D7-0550-44A5-A9DB-85F2435C4C33}.Release|Any CPU.ActiveCfg = Release|Any CPU
		{67F079D7-0550-44A5-A9DB-85F2435C4C33}.Release|Any CPU.Build.0 = Release|Any CPU
	EndGlobalSection
EndGlobal
